// !$*UTF8*$!
{
	archiveVersion = 1;
	classes = {
	};
	objectVersion = 77;
	objects = {

/* Begin PBXContainerItemProxy section */
		CDD1AFD82D7828AB00DC6D22 /* PBXContainerItemProxy */ = {
			isa = PBXContainerItemProxy;
			containerPortal = CDD1AFB92D7828A900DC6D22 /* Project object */;
			proxyType = 1;
			remoteGlobalIDString = CDD1AFC02D7828A900DC6D22;
			remoteInfo = CoPilotAssignmentSwiftStroyboard;
		};
		CDD1AFE22D7828AB00DC6D22 /* PBXContainerItemProxy */ = {
			isa = PBXContainerItemProxy;
			containerPortal = CDD1AFB92D7828A900DC6D22 /* Project object */;
			proxyType = 1;
			remoteGlobalIDString = CDD1AFC02D7828A900DC6D22;
			remoteInfo = CoPilotAssignmentSwiftStroyboard;
		};
/* End PBXContainerItemProxy section */

/* Begin PBXFileReference section */
		CDD1AFC12D7828A900DC6D22 /* CoPilotAssignmentSwiftStroyboard.app */ = {isa = PBXFileReference; explicitFileType = wrapper.application; includeInIndex = 0; path = CoPilotAssignmentSwiftStroyboard.app; sourceTree = BUILT_PRODUCTS_DIR; };
		CDD1AFD72D7828AB00DC6D22 /* CoPilotAssignmentSwiftStroyboardTests.xctest */ = {isa = PBXFileReference; explicitFileType = wrapper.cfbundle; includeInIndex = 0; path = CoPilotAssignmentSwiftStroyboardTests.xctest; sourceTree = BUILT_PRODUCTS_DIR; };
		CDD1AFE12D7828AB00DC6D22 /* CoPilotAssignmentSwiftStroyboardUITests.xctest */ = {isa = PBXFileReference; explicitFileType = wrapper.cfbundle; includeInIndex = 0; path = CoPilotAssignmentSwiftStroyboardUITests.xctest; sourceTree = BUILT_PRODUCTS_DIR; };
/* End PBXFileReference section */

/* Begin PBXFileSystemSynchronizedBuildFileExceptionSet section */
		CDD1AFE92D7828AB00DC6D22 /* Exceptions for "CoPilotAssignmentSwiftStroyboard" folder in "CoPilotAssignmentSwiftStroyboard" target */ = {
			isa = PBXFileSystemSynchronizedBuildFileExceptionSet;
			membershipExceptions = (
				Info.plist,
			);
			target = CDD1AFC02D7828A900DC6D22 /* CoPilotAssignmentSwiftStroyboard */;
		};
		CDD1AFFC2D782F6C00DC6D22 /* Exceptions for "CoPilotAssignmentSwiftStroyboard" folder in "CoPilotAssignmentSwiftStroyboardTests" target */ = {
			isa = PBXFileSystemSynchronizedBuildFileExceptionSet;
			membershipExceptions = (
				"/Localized: HomeScreen/DataResources/ArticleJson.json",
				"/Localized: HomeScreen/DataResources/FilterDataJson.json",
				Base/AppCoordinator.swift,
				Base/BaseViewController.swift,
				Base/BaseViewModel.swift,
				HomeScreen/Data/DTOs/FilterModelDTO.swift,
				HomeScreen/Data/LocalService/LocalFilterService.swift,
				HomeScreen/Data/Network/ArticleService.swift,
				HomeScreen/Data/Repositories/FilterRepository.swift,
				HomeScreen/DataResources/categories.json,
				HomeScreen/DataResources/homePage.json,
				HomeScreen/Domain/Models/FilterDataModel.swift,
				HomeScreen/Domain/UseCases/FetchFilterUseCase.swift,
				HomeScreen/Presentation/Controllers/HomeViewController.swift,
				HomeScreen/Presentation/ViewModels/HomeViewModel.swift,
				HomeScreen/Presentation/Views/DropDownCollectionViewCell.swift,
				HomeScreen/Presentation/Views/DropDownCollectionViewCell.xib,
				HomeScreen/Presentation/Views/HomeScreen.storyboard,
				Utilities/DropdownViewController.swift,
			);
			target = CDD1AFD62D7828AB00DC6D22 /* CoPilotAssignmentSwiftStroyboardTests */;
		};
		CDD1AFFD2D782F6C00DC6D22 /* Exceptions for "CoPilotAssignmentSwiftStroyboard" folder in "CoPilotAssignmentSwiftStroyboardUITests" target */ = {
			isa = PBXFileSystemSynchronizedBuildFileExceptionSet;
			membershipExceptions = (
				"/Localized: HomeScreen/DataResources/ArticleJson.json",
				"/Localized: HomeScreen/DataResources/FilterDataJson.json",
				Base/AppCoordinator.swift,
				Base/BaseViewController.swift,
				Base/BaseViewModel.swift,
				HomeScreen/Data/DTOs/FilterModelDTO.swift,
				HomeScreen/Data/LocalService/LocalFilterService.swift,
				HomeScreen/Data/Network/ArticleService.swift,
				HomeScreen/Data/Repositories/FilterRepository.swift,
				HomeScreen/DataResources/categories.json,
				HomeScreen/DataResources/homePage.json,
				HomeScreen/Domain/Models/FilterDataModel.swift,
				HomeScreen/Domain/UseCases/FetchFilterUseCase.swift,
				HomeScreen/Presentation/Controllers/HomeViewController.swift,
				HomeScreen/Presentation/ViewModels/HomeViewModel.swift,
				HomeScreen/Presentation/Views/DropDownCollectionViewCell.swift,
				HomeScreen/Presentation/Views/DropDownCollectionViewCell.xib,
				HomeScreen/Presentation/Views/HomeScreen.storyboard,
				Utilities/DropdownViewController.swift,
			);
			target = CDD1AFE02D7828AB00DC6D22 /* CoPilotAssignmentSwiftStroyboardUITests */;
		};
/* End PBXFileSystemSynchronizedBuildFileExceptionSet section */

/* Begin PBXFileSystemSynchronizedRootGroup section */
		CDD1AFC32D7828A900DC6D22 /* CoPilotAssignmentSwiftStroyboard */ = {
			isa = PBXFileSystemSynchronizedRootGroup;
			exceptions = (
				CDD1AFE92D7828AB00DC6D22 /* Exceptions for "CoPilotAssignmentSwiftStroyboard" folder in "CoPilotAssignmentSwiftStroyboard" target */,
				CDD1AFFC2D782F6C00DC6D22 /* Exceptions for "CoPilotAssignmentSwiftStroyboard" folder in "CoPilotAssignmentSwiftStroyboardTests" target */,
				CDD1AFFD2D782F6C00DC6D22 /* Exceptions for "CoPilotAssignmentSwiftStroyboard" folder in "CoPilotAssignmentSwiftStroyboardUITests" target */,
			);
			path = CoPilotAssignmentSwiftStroyboard;
			sourceTree = "<group>";
		};
		CDD1AFDA2D7828AB00DC6D22 /* CoPilotAssignmentSwiftStroyboardTests */ = {
			isa = PBXFileSystemSynchronizedRootGroup;
			path = CoPilotAssignmentSwiftStroyboardTests;
			sourceTree = "<group>";
		};
		CDD1AFE42D7828AB00DC6D22 /* CoPilotAssignmentSwiftStroyboardUITests */ = {
			isa = PBXFileSystemSynchronizedRootGroup;
			path = CoPilotAssignmentSwiftStroyboardUITests;
			sourceTree = "<group>";
		};
/* End PBXFileSystemSynchronizedRootGroup section */

/* Begin PBXFrameworksBuildPhase section */
		CDD1AFBE2D7828A900DC6D22 /* Frameworks */ = {
			isa = PBXFrameworksBuildPhase;
			buildActionMask = 2147483647;
			files = (
			);
			runOnlyForDeploymentPostprocessing = 0;
		};
		CDD1AFD42D7828AB00DC6D22 /* Frameworks */ = {
			isa = PBXFrameworksBuildPhase;
			buildActionMask = 2147483647;
			files = (
			);
			runOnlyForDeploymentPostprocessing = 0;
		};
		CDD1AFDE2D7828AB00DC6D22 /* Frameworks */ = {
			isa = PBXFrameworksBuildPhase;
			buildActionMask = 2147483647;
			files = (
			);
			runOnlyForDeploymentPostprocessing = 0;
		};
/* End PBXFrameworksBuildPhase section */

/* Begin PBXGroup section */
		CDD1AFB82D7828A900DC6D22 = {
			isa = PBXGroup;
			children = (
				CDD1AFC32D7828A900DC6D22 /* CoPilotAssignmentSwiftStroyboard */,
				CDD1AFDA2D7828AB00DC6D22 /* CoPilotAssignmentSwiftStroyboardTests */,
				CDD1AFE42D7828AB00DC6D22 /* CoPilotAssignmentSwiftStroyboardUITests */,
				CDD1AFC22D7828A900DC6D22 /* Products */,
			);
			sourceTree = "<group>";
		};
		CDD1AFC22D7828A900DC6D22 /* Products */ = {
			isa = PBXGroup;
			children = (
				CDD1AFC12D7828A900DC6D22 /* CoPilotAssignmentSwiftStroyboard.app */,
				CDD1AFD72D7828AB00DC6D22 /* CoPilotAssignmentSwiftStroyboardTests.xctest */,
				CDD1AFE12D7828AB00DC6D22 /* CoPilotAssignmentSwiftStroyboardUITests.xctest */,
			);
			name = Products;
			sourceTree = "<group>";
		};
/* End PBXGroup section */

/* Begin PBXNativeTarget section */
		CDD1AFC02D7828A900DC6D22 /* CoPilotAssignmentSwiftStroyboard */ = {
			isa = PBXNativeTarget;
			buildConfigurationList = CDD1AFEA2D7828AB00DC6D22 /* Build configuration list for PBXNativeTarget "CoPilotAssignmentSwiftStroyboard" */;
			buildPhases = (
				CDD1AFBD2D7828A900DC6D22 /* Sources */,
				CDD1AFBE2D7828A900DC6D22 /* Frameworks */,
				CDD1AFBF2D7828A900DC6D22 /* Resources */,
			);
			buildRules = (
			);
			dependencies = (
			);
			fileSystemSynchronizedGroups = (
				CDD1AFC32D7828A900DC6D22 /* CoPilotAssignmentSwiftStroyboard */,
			);
			name = CoPilotAssignmentSwiftStroyboard;
			packageProductDependencies = (
			);
			productName = CoPilotAssignmentSwiftStroyboard;
			productReference = CDD1AFC12D7828A900DC6D22 /* CoPilotAssignmentSwiftStroyboard.app */;
			productType = "com.apple.product-type.application";
		};
		CDD1AFD62D7828AB00DC6D22 /* CoPilotAssignmentSwiftStroyboardTests */ = {
			isa = PBXNativeTarget;
			buildConfigurationList = CDD1AFEF2D7828AB00DC6D22 /* Build configuration list for PBXNativeTarget "CoPilotAssignmentSwiftStroyboardTests" */;
			buildPhases = (
				CDD1AFD32D7828AB00DC6D22 /* Sources */,
				CDD1AFD42D7828AB00DC6D22 /* Frameworks */,
				CDD1AFD52D7828AB00DC6D22 /* Resources */,
			);
			buildRules = (
			);
			dependencies = (
				CDD1AFD92D7828AB00DC6D22 /* PBXTargetDependency */,
			);
			fileSystemSynchronizedGroups = (
				CDD1AFDA2D7828AB00DC6D22 /* CoPilotAssignmentSwiftStroyboardTests */,
			);
			name = CoPilotAssignmentSwiftStroyboardTests;
			packageProductDependencies = (
			);
			productName = CoPilotAssignmentSwiftStroyboardTests;
			productReference = CDD1AFD72D7828AB00DC6D22 /* CoPilotAssignmentSwiftStroyboardTests.xctest */;
			productType = "com.apple.product-type.bundle.unit-test";
		};
		CDD1AFE02D7828AB00DC6D22 /* CoPilotAssignmentSwiftStroyboardUITests */ = {
			isa = PBXNativeTarget;
			buildConfigurationList = CDD1AFF22D7828AB00DC6D22 /* Build configuration list for PBXNativeTarget "CoPilotAssignmentSwiftStroyboardUITests" */;
			buildPhases = (
				CDD1AFDD2D7828AB00DC6D22 /* Sources */,
				CDD1AFDE2D7828AB00DC6D22 /* Frameworks */,
				CDD1AFDF2D7828AB00DC6D22 /* Resources */,
			);
			buildRules = (
			);
			dependencies = (
				CDD1AFE32D7828AB00DC6D22 /* PBXTargetDependency */,
			);
			fileSystemSynchronizedGroups = (
				CDD1AFE42D7828AB00DC6D22 /* CoPilotAssignmentSwiftStroyboardUITests */,
			);
			name = CoPilotAssignmentSwiftStroyboardUITests;
			packageProductDependencies = (
			);
			productName = CoPilotAssignmentSwiftStroyboardUITests;
			productReference = CDD1AFE12D7828AB00DC6D22 /* CoPilotAssignmentSwiftStroyboardUITests.xctest */;
			productType = "com.apple.product-type.bundle.ui-testing";
		};
/* End PBXNativeTarget section */

/* Begin PBXProject section */
		CDD1AFB92D7828A900DC6D22 /* Project object */ = {
			isa = PBXProject;
			attributes = {
				BuildIndependentTargetsInParallel = 1;
				LastSwiftUpdateCheck = 1600;
				LastUpgradeCheck = 1600;
				TargetAttributes = {
					CDD1AFC02D7828A900DC6D22 = {
						CreatedOnToolsVersion = 16.0;
					};
					CDD1AFD62D7828AB00DC6D22 = {
						CreatedOnToolsVersion = 16.0;
						TestTargetID = CDD1AFC02D7828A900DC6D22;
					};
					CDD1AFE02D7828AB00DC6D22 = {
						CreatedOnToolsVersion = 16.0;
						TestTargetID = CDD1AFC02D7828A900DC6D22;
					};
				};
			};
			buildConfigurationList = CDD1AFBC2D7828A900DC6D22 /* Build configuration list for PBXProject "CoPilotAssignmentSwiftStroyboard" */;
			developmentRegion = en;
			hasScannedForEncodings = 0;
			knownRegions = (
				en,
				Base,
			);
			mainGroup = CDD1AFB82D7828A900DC6D22;
			minimizedProjectReferenceProxies = 1;
			preferredProjectObjectVersion = 77;
			productRefGroup = CDD1AFC22D7828A900DC6D22 /* Products */;
			projectDirPath = "";
			projectRoot = "";
			targets = (
				CDD1AFC02D7828A900DC6D22 /* CoPilotAssignmentSwiftStroyboard */,
				CDD1AFD62D7828AB00DC6D22 /* CoPilotAssignmentSwiftStroyboardTests */,
				CDD1AFE02D7828AB00DC6D22 /* CoPilotAssignmentSwiftStroyboardUITests */,
			);
		};
/* End PBXProject section */

/* Begin PBXResourcesBuildPhase section */
		CDD1AFBF2D7828A900DC6D22 /* Resources */ = {
			isa = PBXResourcesBuildPhase;
			buildActionMask = 2147483647;
			files = (
			);
			runOnlyForDeploymentPostprocessing = 0;
		};
		CDD1AFD52D7828AB00DC6D22 /* Resources */ = {
			isa = PBXResourcesBuildPhase;
			buildActionMask = 2147483647;
			files = (
			);
			runOnlyForDeploymentPostprocessing = 0;
		};
		CDD1AFDF2D7828AB00DC6D22 /* Resources */ = {
			isa = PBXResourcesBuildPhase;
			buildActionMask = 2147483647;
			files = (
			);
			runOnlyForDeploymentPostprocessing = 0;
		};
/* End PBXResourcesBuildPhase section */

/* Begin PBXSourcesBuildPhase section */
		CDD1AFBD2D7828A900DC6D22 /* Sources */ = {
			isa = PBXSourcesBuildPhase;
			buildActionMask = 2147483647;
			files = (
			);
			runOnlyForDeploymentPostprocessing = 0;
		};
		CDD1AFD32D7828AB00DC6D22 /* Sources */ = {
			isa = PBXSourcesBuildPhase;
			buildActionMask = 2147483647;
			files = (
			);
			runOnlyForDeploymentPostprocessing = 0;
		};
		CDD1AFDD2D7828AB00DC6D22 /* Sources */ = {
			isa = PBXSourcesBuildPhase;
			buildActionMask = 2147483647;
			files = (
			);
			runOnlyForDeploymentPostprocessing = 0;
		};
/* End PBXSourcesBuildPhase section */

/* Begin PBXTargetDependency section */
		CDD1AFD92D7828AB00DC6D22 /* PBXTargetDependency */ = {
			isa = PBXTargetDependency;
			target = CDD1AFC02D7828A900DC6D22 /* CoPilotAssignmentSwiftStroyboard */;
			targetProxy = CDD1AFD82D7828AB00DC6D22 /* PBXContainerItemProxy */;
		};
		CDD1AFE32D7828AB00DC6D22 /* PBXTargetDependency */ = {
			isa = PBXTargetDependency;
			target = CDD1AFC02D7828A900DC6D22 /* CoPilotAssignmentSwiftStroyboard */;
			targetProxy = CDD1AFE22D7828AB00DC6D22 /* PBXContainerItemProxy */;
		};
/* End PBXTargetDependency section */

/* Begin XCBuildConfiguration section */
		CDD1AFEB2D7828AB00DC6D22 /* Debug */ = {
			isa = XCBuildConfiguration;
			buildSettings = {
				ASSETCATALOG_COMPILER_APPICON_NAME = AppIcon;
				ASSETCATALOG_COMPILER_GLOBAL_ACCENT_COLOR_NAME = AccentColor;
				CODE_SIGN_STYLE = Automatic;
				CURRENT_PROJECT_VERSION = 1;
				GENERATE_INFOPLIST_FILE = YES;
				INFOPLIST_FILE = CoPilotAssignmentSwiftStroyboard/Info.plist;
				INFOPLIST_KEY_UIApplicationSupportsIndirectInputEvents = YES;
				INFOPLIST_KEY_UILaunchStoryboardName = LaunchScreen;
				INFOPLIST_KEY_UIMainStoryboardFile = Main;
				INFOPLIST_KEY_UISupportedInterfaceOrientations_iPad = "UIInterfaceOrientationPortrait UIInterfaceOrientationPortraitUpsideDown UIInterfaceOrientationLandscapeLeft UIInterfaceOrientationLandscapeRight";
				INFOPLIST_KEY_UISupportedInterfaceOrientations_iPhone = "UIInterfaceOrientationPortrait UIInterfaceOrientationLandscapeLeft UIInterfaceOrientationLandscapeRight";
				LD_RUNPATH_SEARCH_PATHS = (
					"$(inherited)",
					"@executable_path/Frameworks",
				);
				MARKETING_VERSION = 1.0;
				PRODUCT_BUNDLE_IDENTIFIER = com.training.CoPilotAssignmentSwiftStroyboard;
				PRODUCT_NAME = "$(TARGET_NAME)";
				SWIFT_EMIT_LOC_STRINGS = YES;
				SWIFT_VERSION = 5.0;
				TARGETED_DEVICE_FAMILY = "1,2";
			};
			name = Debug;
		};
		CDD1AFEC2D7828AB00DC6D22 /* Release */ = {
			isa = XCBuildConfiguration;
			buildSettings = {
				ASSETCATALOG_COMPILER_APPICON_NAME = AppIcon;
				ASSETCATALOG_COMPILER_GLOBAL_ACCENT_COLOR_NAME = AccentColor;
				CODE_SIGN_STYLE = Automatic;
				CURRENT_PROJECT_VERSION = 1;
				GENERATE_INFOPLIST_FILE = YES;
				INFOPLIST_FILE = CoPilotAssignmentSwiftStroyboard/Info.plist;
				INFOPLIST_KEY_UIApplicationSupportsIndirectInputEvents = YES;
				INFOPLIST_KEY_UILaunchStoryboardName = LaunchScreen;
				INFOPLIST_KEY_UIMainStoryboardFile = Main;
				INFOPLIST_KEY_UISupportedInterfaceOrientations_iPad = "UIInterfaceOrientationPortrait UIInterfaceOrientationPortraitUpsideDown UIInterfaceOrientationLandscapeLeft UIInterfaceOrientationLandscapeRight";
				INFOPLIST_KEY_UISupportedInterfaceOrientations_iPhone = "UIInterfaceOrientationPortrait UIInterfaceOrientationLandscapeLeft UIInterfaceOrientationLandscapeRight";
				LD_RUNPATH_SEARCH_PATHS = (
					"$(inherited)",
					"@executable_path/Frameworks",
				);
				MARKETING_VERSION = 1.0;
				PRODUCT_BUNDLE_IDENTIFIER = com.training.CoPilotAssignmentSwiftStroyboard;
				PRODUCT_NAME = "$(TARGET_NAME)";
				SWIFT_EMIT_LOC_STRINGS = YES;
				SWIFT_VERSION = 5.0;
				TARGETED_DEVICE_FAMILY = "1,2";
			};
			name = Release;
		};
		CDD1AFED2D7828AB00DC6D22 /* Debug */ = {
			isa = XCBuildConfiguration;
			buildSettings = {
				ALWAYS_SEARCH_USER_PATHS = NO;
				ASSETCATALOG_COMPILER_GENERATE_SWIFT_ASSET_SYMBOL_EXTENSIONS = YES;
				CLANG_ANALYZER_NONNULL = YES;
				CLANG_ANALYZER_NUMBER_OBJECT_CONVERSION = YES_AGGRESSIVE;
				CLANG_CXX_LANGUAGE_STANDARD = "gnu++20";
				CLANG_ENABLE_MODULES = YES;
				CLANG_ENABLE_OBJC_ARC = YES;
				CLANG_ENABLE_OBJC_WEAK = YES;
				CLANG_WARN_BLOCK_CAPTURE_AUTORELEASING = YES;
				CLANG_WARN_BOOL_CONVERSION = YES;
				CLANG_WARN_COMMA = YES;
				CLANG_WARN_CONSTANT_CONVERSION = YES;
				CLANG_WARN_DEPRECATED_OBJC_IMPLEMENTATIONS = YES;
				CLANG_WARN_DIRECT_OBJC_ISA_USAGE = YES_ERROR;
				CLANG_WARN_DOCUMENTATION_COMMENTS = YES;
				CLANG_WARN_EMPTY_BODY = YES;
				CLANG_WARN_ENUM_CONVERSION = YES;
				CLANG_WARN_INFINITE_RECURSION = YES;
				CLANG_WARN_INT_CONVERSION = YES;
				CLANG_WARN_NON_LITERAL_NULL_CONVERSION = YES;
				CLANG_WARN_OBJC_IMPLICIT_RETAIN_SELF = YES;
				CLANG_WARN_OBJC_LITERAL_CONVERSION = YES;
				CLANG_WARN_OBJC_ROOT_CLASS = YES_ERROR;
				CLANG_WARN_QUOTED_INCLUDE_IN_FRAMEWORK_HEADER = YES;
				CLANG_WARN_RANGE_LOOP_ANALYSIS = YES;
				CLANG_WARN_STRICT_PROTOTYPES = YES;
				CLANG_WARN_SUSPICIOUS_MOVE = YES;
				CLANG_WARN_UNGUARDED_AVAILABILITY = YES_AGGRESSIVE;
				CLANG_WARN_UNREACHABLE_CODE = YES;
				CLANG_WARN__DUPLICATE_METHOD_MATCH = YES;
				COPY_PHASE_STRIP = NO;
				DEBUG_INFORMATION_FORMAT = dwarf;
				ENABLE_STRICT_OBJC_MSGSEND = YES;
				ENABLE_TESTABILITY = YES;
				ENABLE_USER_SCRIPT_SANDBOXING = YES;
				GCC_C_LANGUAGE_STANDARD = gnu17;
				GCC_DYNAMIC_NO_PIC = NO;
				GCC_NO_COMMON_BLOCKS = YES;
				GCC_OPTIMIZATION_LEVEL = 0;
				GCC_PREPROCESSOR_DEFINITIONS = (
					"DEBUG=1",
					"$(inherited)",
				);
				GCC_WARN_64_TO_32_BIT_CONVERSION = YES;
				GCC_WARN_ABOUT_RETURN_TYPE = YES_ERROR;
				GCC_WARN_UNDECLARED_SELECTOR = YES;
				GCC_WARN_UNINITIALIZED_AUTOS = YES_AGGRESSIVE;
				GCC_WARN_UNUSED_FUNCTION = YES;
				GCC_WARN_UNUSED_VARIABLE = YES;
				IPHONEOS_DEPLOYMENT_TARGET = 18.0;
				LOCALIZATION_PREFERS_STRING_CATALOGS = YES;
				MTL_ENABLE_DEBUG_INFO = INCLUDE_SOURCE;
				MTL_FAST_MATH = YES;
				ONLY_ACTIVE_ARCH = YES;
				SDKROOT = iphoneos;
				SWIFT_ACTIVE_COMPILATION_CONDITIONS = "DEBUG $(inherited)";
				SWIFT_OPTIMIZATION_LEVEL = "-Onone";
			};
			name = Debug;
		};
		CDD1AFEE2D7828AB00DC6D22 /* Release */ = {
			isa = XCBuildConfiguration;
			buildSettings = {
				ALWAYS_SEARCH_USER_PATHS = NO;
				ASSETCATALOG_COMPILER_GENERATE_SWIFT_ASSET_SYMBOL_EXTENSIONS = YES;
				CLANG_ANALYZER_NONNULL = YES;
				CLANG_ANALYZER_NUMBER_OBJECT_CONVERSION = YES_AGGRESSIVE;
				CLANG_CXX_LANGUAGE_STANDARD = "gnu++20";
				CLANG_ENABLE_MODULES = YES;
				CLANG_ENABLE_OBJC_ARC = YES;
				CLANG_ENABLE_OBJC_WEAK = YES;
				CLANG_WARN_BLOCK_CAPTURE_AUTORELEASING = YES;
				CLANG_WARN_BOOL_CONVERSION = YES;
				CLANG_WARN_COMMA = YES;
				CLANG_WARN_CONSTANT_CONVERSION = YES;
				CLANG_WARN_DEPRECATED_OBJC_IMPLEMENTATIONS = YES;
				CLANG_WARN_DIRECT_OBJC_ISA_USAGE = YES_ERROR;
				CLANG_WARN_DOCUMENTATION_COMMENTS = YES;
				CLANG_WARN_EMPTY_BODY = YES;
				CLANG_WARN_ENUM_CONVERSION = YES;
				CLANG_WARN_INFINITE_RECURSION = YES;
				CLANG_WARN_INT_CONVERSION = YES;
				CLANG_WARN_NON_LITERAL_NULL_CONVERSION = YES;
				CLANG_WARN_OBJC_IMPLICIT_RETAIN_SELF = YES;
				CLANG_WARN_OBJC_LITERAL_CONVERSION = YES;
				CLANG_WARN_OBJC_ROOT_CLASS = YES_ERROR;
				CLANG_WARN_QUOTED_INCLUDE_IN_FRAMEWORK_HEADER = YES;
				CLANG_WARN_RANGE_LOOP_ANALYSIS = YES;
				CLANG_WARN_STRICT_PROTOTYPES = YES;
				CLANG_WARN_SUSPICIOUS_MOVE = YES;
				CLANG_WARN_UNGUARDED_AVAILABILITY = YES_AGGRESSIVE;
				CLANG_WARN_UNREACHABLE_CODE = YES;
				CLANG_WARN__DUPLICATE_METHOD_MATCH = YES;
				COPY_PHASE_STRIP = NO;
				DEBUG_INFORMATION_FORMAT = "dwarf-with-dsym";
				ENABLE_NS_ASSERTIONS = NO;
				ENABLE_STRICT_OBJC_MSGSEND = YES;
				ENABLE_USER_SCRIPT_SANDBOXING = YES;
				GCC_C_LANGUAGE_STANDARD = gnu17;
				GCC_NO_COMMON_BLOCKS = YES;
				GCC_WARN_64_TO_32_BIT_CONVERSION = YES;
				GCC_WARN_ABOUT_RETURN_TYPE = YES_ERROR;
				GCC_WARN_UNDECLARED_SELECTOR = YES;
				GCC_WARN_UNINITIALIZED_AUTOS = YES_AGGRESSIVE;
				GCC_WARN_UNUSED_FUNCTION = YES;
				GCC_WARN_UNUSED_VARIABLE = YES;
				IPHONEOS_DEPLOYMENT_TARGET = 18.0;
				LOCALIZATION_PREFERS_STRING_CATALOGS = YES;
				MTL_ENABLE_DEBUG_INFO = NO;
				MTL_FAST_MATH = YES;
				SDKROOT = iphoneos;
				SWIFT_COMPILATION_MODE = wholemodule;
				VALIDATE_PRODUCT = YES;
			};
			name = Release;
		};
		CDD1AFF02D7828AB00DC6D22 /* Debug */ = {
			isa = XCBuildConfiguration;
			buildSettings = {
				BUNDLE_LOADER = "$(TEST_HOST)";
				CODE_SIGN_STYLE = Automatic;
				CURRENT_PROJECT_VERSION = 1;
				GENERATE_INFOPLIST_FILE = YES;
				IPHONEOS_DEPLOYMENT_TARGET = 18.0;
				MARKETING_VERSION = 1.0;
				PRODUCT_BUNDLE_IDENTIFIER = com.training.CoPilotAssignmentSwiftStroyboardTests;
				PRODUCT_NAME = "$(TARGET_NAME)";
				SWIFT_EMIT_LOC_STRINGS = NO;
				SWIFT_VERSION = 5.0;
				TARGETED_DEVICE_FAMILY = "1,2";
				TEST_HOST = "$(BUILT_PRODUCTS_DIR)/CoPilotAssignmentSwiftStroyboard.app/$(BUNDLE_EXECUTABLE_FOLDER_PATH)/CoPilotAssignmentSwiftStroyboard";
			};
			name = Debug;
		};
		CDD1AFF12D7828AB00DC6D22 /* Release */ = {
			isa = XCBuildConfiguration;
			buildSettings = {
				BUNDLE_LOADER = "$(TEST_HOST)";
				CODE_SIGN_STYLE = Automatic;
				CURRENT_PROJECT_VERSION = 1;
				GENERATE_INFOPLIST_FILE = YES;
				IPHONEOS_DEPLOYMENT_TARGET = 18.0;
				MARKETING_VERSION = 1.0;
				PRODUCT_BUNDLE_IDENTIFIER = com.training.CoPilotAssignmentSwiftStroyboardTests;
				PRODUCT_NAME = "$(TARGET_NAME)";
				SWIFT_EMIT_LOC_STRINGS = NO;
				SWIFT_VERSION = 5.0;
				TARGETED_DEVICE_FAMILY = "1,2";
				TEST_HOST = "$(BUILT_PRODUCTS_DIR)/CoPilotAssignmentSwiftStroyboard.app/$(BUNDLE_EXECUTABLE_FOLDER_PATH)/CoPilotAssignmentSwiftStroyboard";
			};
			name = Release;
		};
		CDD1AFF32D7828AB00DC6D22 /* Debug */ = {
			isa = XCBuildConfiguration;
			buildSettings = {
				CODE_SIGN_STYLE = Automatic;
				CURRENT_PROJECT_VERSION = 1;
				GENERATE_INFOPLIST_FILE = YES;
				MARKETING_VERSION = 1.0;
				PRODUCT_BUNDLE_IDENTIFIER = com.training.CoPilotAssignmentSwiftStroyboardUITests;
				PRODUCT_NAME = "$(TARGET_NAME)";
				SWIFT_EMIT_LOC_STRINGS = NO;
				SWIFT_VERSION = 5.0;
				TARGETED_DEVICE_FAMILY = "1,2";
				TEST_TARGET_NAME = CoPilotAssignmentSwiftStroyboard;
			};
			name = Debug;
		};
		CDD1AFF42D7828AB00DC6D22 /* Release */ = {
			isa = XCBuildConfiguration;
			buildSettings = {
				CODE_SIGN_STYLE = Automatic;
				CURRENT_PROJECT_VERSION = 1;
				GENERATE_INFOPLIST_FILE = YES;
				MARKETING_VERSION = 1.0;
				PRODUCT_BUNDLE_IDENTIFIER = com.training.CoPilotAssignmentSwiftStroyboardUITests;
				PRODUCT_NAME = "$(TARGET_NAME)";
				SWIFT_EMIT_LOC_STRINGS = NO;
				SWIFT_VERSION = 5.0;
				TARGETED_DEVICE_FAMILY = "1,2";
				TEST_TARGET_NAME = CoPilotAssignmentSwiftStroyboard;
			};
			name = Release;
		};
/* End XCBuildConfiguration section */

/* Begin XCConfigurationList section */
		CDD1AFBC2D7828A900DC6D22 /* Build configuration list for PBXProject "CoPilotAssignmentSwiftStroyboard" */ = {
			isa = XCConfigurationList;
			buildConfigurations = (
				CDD1AFED2D7828AB00DC6D22 /* Debug */,
				CDD1AFEE2D7828AB00DC6D22 /* Release */,
			);
			defaultConfigurationIsVisible = 0;
			defaultConfigurationName = Release;
		};
		CDD1AFEA2D7828AB00DC6D22 /* Build configuration list for PBXNativeTarget "CoPilotAssignmentSwiftStroyboard" */ = {
			isa = XCConfigurationList;
			buildConfigurations = (
				CDD1AFEB2D7828AB00DC6D22 /* Debug */,
				CDD1AFEC2D7828AB00DC6D22 /* Release */,
			);
			defaultConfigurationIsVisible = 0;
			defaultConfigurationName = Release;
		};
		CDD1AFEF2D7828AB00DC6D22 /* Build configuration list for PBXNativeTarget "CoPilotAssignmentSwiftStroyboardTests" */ = {
			isa = XCConfigurationList;
			buildConfigurations = (
				CDD1AFF02D7828AB00DC6D22 /* Debug */,
				CDD1AFF12D7828AB00DC6D22 /* Release */,
			);
			defaultConfigurationIsVisible = 0;
			defaultConfigurationName = Release;
		};
		CDD1AFF22D7828AB00DC6D22 /* Build configuration list for PBXNativeTarget "CoPilotAssignmentSwiftStroyboardUITests" */ = {
			isa = XCConfigurationList;
			buildConfigurations = (
				CDD1AFF32D7828AB00DC6D22 /* Debug */,
				CDD1AFF42D7828AB00DC6D22 /* Release */,
			);
			defaultConfigurationIsVisible = 0;
			defaultConfigurationName = Release;
		};
/* End XCConfigurationList section */
	};
	rootObject = CDD1AFB92D7828A900DC6D22 /* Project object */;
}
